
Microsoft Visual Studio Solution File, Format Version 12.00
# Visual Studio 2013
VisualStudioVersion = 12.0.31101.0
MinimumVisualStudioVersion = 10.0.40219.1
Project("{FAE04EC0-301F-11D3-BF4B-00C04F79EFBC}") = "AureliaComponents.PageObjects", "AureliaComponents.PageObjects\AureliaComponents.PageObjects.csproj", "{BD398F18-5935-4B99-A1FA-14D6F2833C3C}"
EndProject
Project("{FAE04EC0-301F-11D3-BF4B-00C04F79EFBC}") = "AureliaComponents.E2ETests", "AureliaComponents.E2ETests\AureliaComponents.E2ETests.csproj", "{C7F4FF75-6FAD-4CF8-81BC-1E4CFF7E299F}"
EndProject
Global
	GlobalSection(SolutionConfigurationPlatforms) = preSolution
		Debug|Any CPU = Debug|Any CPU
		Release|Any CPU = Release|Any CPU
	EndGlobalSection
	GlobalSection(ProjectConfigurationPlatforms) = postSolution
		{BD398F18-5935-4B99-A1FA-14D6F2833C3C}.Debug|Any CPU.ActiveCfg = Debug|Any CPU
		{BD398F18-5935-4B99-A1FA-14D6F2833C3C}.Debug|Any CPU.Build.0 = Debug|Any CPU
		{BD398F18-5935-4B99-A1FA-14D6F2833C3C}.Release|Any CPU.ActiveCfg = Release|Any CPU
		{BD398F18-5935-4B99-A1FA-14D6F2833C3C}.Release|Any CPU.Build.0 = Release|Any CPU
		{C7F4FF75-6FAD-4CF8-81BC-1E4CFF7E299F}.Debug|Any CPU.ActiveCfg = Debug|Any CPU
		{C7F4FF75-6FAD-4CF8-81BC-1E4CFF7E299F}.Debug|Any CPU.Build.0 = Debug|Any CPU
		{C7F4FF75-6FAD-4CF8-81BC-1E4CFF7E299F}.Release|Any CPU.ActiveCfg = Release|Any CPU
		{C7F4FF75-6FAD-4CF8-81BC-1E4CFF7E299F}.Release|Any CPU.Build.0 = Release|Any CPU
	EndGlobalSection
	GlobalSection(SolutionProperties) = preSolution
		HideSolutionNode = FALSE
	EndGlobalSection
EndGlobal
